<?xml version="1.0" encoding="utf-8"?>
<Project ToolsVersion="4.0" xmlns="http://schemas.microsoft.com/developer/msbuild/2003">
  <ItemGroup>
    <ClInclude Include="..\..\stb_image.h" />
    <ClInclude Include="..\..\common\Shader.h" />
    <ClInclude Include="..\..\common\Particle.h" />
    <ClInclude Include="..\..\common\ParticleSystem.h" />
  </ItemGroup>
  <ItemGroup>
    <ClCompile Include="..\..\raindrop.cpp" />
    <ClCompile Include="..\..\common\Shader.cpp" />
    <ClCompile Include="..\..\common\ParticleSystem.cpp" />
    <ClCompile Include="..\..\common\Particle.cpp" />
  </ItemGroup>
  <ItemGroup>
    <None Include="..\..\shader\background.frag" />
    <None Include="..\..\shader\background.vert" />
    <None Include="..\..\shader\raindrop.frag" />
    <None Include="..\..\shader\raindrop.geom" />
    <None Include="..\..\shader\raindrop.vert" />
  </ItemGroup>
</Project>